
Microsoft Visual Studio Solution File, Format Version 12.00
# Visual Studio Version 16
VisualStudioVersion = 16.0.36128.20
MinimumVisualStudioVersion = 10.0.40219.1
Project("{FAE04EC0-301F-11D3-BF4B-00C04F79EFBC}") = "LukeAutoFill", "LukeAutoFill\LukeAutoFill.csproj", "{F70DBBAE-9203-40A4-B54C-4F3A45BFBB90}"
EndProject
Global
	GlobalSection(SolutionConfigurationPlatforms) = preSolution
		Debug|Any CPU = Debug|Any CPU
		Release|Any CPU = Release|Any CPU
	EndGlobalSection
	GlobalSection(ProjectConfigurationPlatforms) = postSolution
		{F70DBBAE-9203-40A4-B54C-4F3A45BFBB90}.Debug|Any CPU.ActiveCfg = Debug|Any CPU
		{F70DBBAE-9203-40A4-B54C-4F3A45BFBB90}.Debug|Any CPU.Build.0 = Debug|Any CPU
		{F70DBBAE-9203-40A4-B54C-4F3A45BFBB90}.Release|Any CPU.ActiveCfg = Release|Any CPU
		{F70DBBAE-9203-40A4-B54C-4F3A45BFBB90}.Release|Any CPU.Build.0 = Release|Any CPU
	EndGlobalSection
	GlobalSection(SolutionProperties) = preSolution
		HideSolutionNode = FALSE
	EndGlobalSection
	GlobalSection(ExtensibilityGlobals) = postSolution
		SolutionGuid = {6A4282B3-A90F-44A8-ABB3-5E08CC58AC5D}
	EndGlobalSection
EndGlobal
